
Microsoft Visual Studio Solution File, Format Version 11.00
# Visual Studio 2010
Project("{FAE04EC0-301F-11D3-BF4B-00C04F79EFBC}") = "Portal", "Portal\Portal.csproj", "{B5DDF1C4-7178-4035-BCC1-C746076F979A}"
EndProject
Project("{FAE04EC0-301F-11D3-BF4B-00C04F79EFBC}") = "Portal.Modules.Data", "Portal.Modules.Data\Portal.Modules.Data.csproj", "{D12F1EEC-928D-4876-A8D6-15D2CADFB460}"
EndProject
Project("{FAE04EC0-301F-11D3-BF4B-00C04F79EFBC}") = "Portal.Modules.Data.SqlServer", "Portal.Modules.Data.SqlServer\Portal.Modules.Data.SqlServer.csproj", "{030CAA4B-3EA8-4522-A979-E983B3885F1E}"
EndProject
Project("{FAE04EC0-301F-11D3-BF4B-00C04F79EFBC}") = "Portal.Modules.Service", "Portal.Modules.Service\Portal.Modules.Service.csproj", "{20FD75EF-D541-42BF-ACC8-FD22F200FF57}"
EndProject
Project("{FAE04EC0-301F-11D3-BF4B-00C04F79EFBC}") = "Portal.Modules.Service.Contracts", "Portal.Modules.Service.Contracts\Portal.Modules.Service.Contracts.csproj", "{2343B0ED-E37C-4401-BA8A-96880AF036C9}"
EndProject
Project("{FAE04EC0-301F-11D3-BF4B-00C04F79EFBC}") = "Portal.Presentation", "Portal.Presentation\Portal.Presentation.csproj", "{726EAAC3-A645-482C-895A-96E2547B1A4F}"
EndProject
Project("{2150E333-8FDC-42A3-9474-1A3956D46DE8}") = "1. Presentation", "1. Presentation", "{7BFBD8D6-82B4-45A4-81D8-97BBF11D2A6D}"
EndProject
Project("{2150E333-8FDC-42A3-9474-1A3956D46DE8}") = "2. Service Layer", "2. Service Layer", "{3F1C2108-D72E-4B15-8E09-00EA0053FBED}"
EndProject
Project("{2150E333-8FDC-42A3-9474-1A3956D46DE8}") = "3. Data Access Layer", "3. Data Access Layer", "{D7A289AE-52DA-4F11-AD67-3D789967893C}"
EndProject
Project("{C8D11400-126E-41CD-887F-60BD40844F9E}") = "SqlServerDatabaseSetup", "SqlServerDatabaseSetup\SqlServerDatabaseSetup.dbproj", "{67CBC824-A49E-4E9B-A947-360F3DFE65C3}"
EndProject
Project("{FAE04EC0-301F-11D3-BF4B-00C04F79EFBC}") = "Portal.Security.Data", "Portal.Security.DAL\Portal.Security.Data.csproj", "{201E9CD6-51D1-4707-9A49-13E9D2973453}"
EndProject
Project("{FAE04EC0-301F-11D3-BF4B-00C04F79EFBC}") = "Portal.Security.Data.SqlServer", "Portal.Security.DAL.SqlServer\Portal.Security.Data.SqlServer.csproj", "{43D5AF16-7A22-4C0C-845B-404D85721CE4}"
EndProject
Project("{2150E333-8FDC-42A3-9474-1A3956D46DE8}") = "4. Database", "4. Database", "{38A82B5A-541F-4253-A369-49B54C3FD631}"
EndProject
Global
	GlobalSection(SolutionConfigurationPlatforms) = preSolution
		Debug|Any CPU = Debug|Any CPU
		Release|Any CPU = Release|Any CPU
	EndGlobalSection
	GlobalSection(ProjectConfigurationPlatforms) = postSolution
		{B5DDF1C4-7178-4035-BCC1-C746076F979A}.Debug|Any CPU.ActiveCfg = Debug|Any CPU
		{B5DDF1C4-7178-4035-BCC1-C746076F979A}.Debug|Any CPU.Build.0 = Debug|Any CPU
		{B5DDF1C4-7178-4035-BCC1-C746076F979A}.Release|Any CPU.ActiveCfg = Release|Any CPU
		{B5DDF1C4-7178-4035-BCC1-C746076F979A}.Release|Any CPU.Build.0 = Release|Any CPU
		{D12F1EEC-928D-4876-A8D6-15D2CADFB460}.Debug|Any CPU.ActiveCfg = Debug|Any CPU
		{D12F1EEC-928D-4876-A8D6-15D2CADFB460}.Debug|Any CPU.Build.0 = Debug|Any CPU
		{D12F1EEC-928D-4876-A8D6-15D2CADFB460}.Release|Any CPU.ActiveCfg = Release|Any CPU
		{D12F1EEC-928D-4876-A8D6-15D2CADFB460}.Release|Any CPU.Build.0 = Release|Any CPU
		{030CAA4B-3EA8-4522-A979-E983B3885F1E}.Debug|Any CPU.ActiveCfg = Debug|Any CPU
		{030CAA4B-3EA8-4522-A979-E983B3885F1E}.Debug|Any CPU.Build.0 = Debug|Any CPU
		{030CAA4B-3EA8-4522-A979-E983B3885F1E}.Release|Any CPU.ActiveCfg = Release|Any CPU
		{030CAA4B-3EA8-4522-A979-E983B3885F1E}.Release|Any CPU.Build.0 = Release|Any CPU
		{20FD75EF-D541-42BF-ACC8-FD22F200FF57}.Debug|Any CPU.ActiveCfg = Debug|Any CPU
		{20FD75EF-D541-42BF-ACC8-FD22F200FF57}.Debug|Any CPU.Build.0 = Debug|Any CPU
		{20FD75EF-D541-42BF-ACC8-FD22F200FF57}.Release|Any CPU.ActiveCfg = Release|Any CPU
		{20FD75EF-D541-42BF-ACC8-FD22F200FF57}.Release|Any CPU.Build.0 = Release|Any CPU
		{2343B0ED-E37C-4401-BA8A-96880AF036C9}.Debug|Any CPU.ActiveCfg = Debug|Any CPU
		{2343B0ED-E37C-4401-BA8A-96880AF036C9}.Debug|Any CPU.Build.0 = Debug|Any CPU
		{2343B0ED-E37C-4401-BA8A-96880AF036C9}.Release|Any CPU.ActiveCfg = Release|Any CPU
		{2343B0ED-E37C-4401-BA8A-96880AF036C9}.Release|Any CPU.Build.0 = Release|Any CPU
		{726EAAC3-A645-482C-895A-96E2547B1A4F}.Debug|Any CPU.ActiveCfg = Debug|Any CPU
		{726EAAC3-A645-482C-895A-96E2547B1A4F}.Debug|Any CPU.Build.0 = Debug|Any CPU
		{726EAAC3-A645-482C-895A-96E2547B1A4F}.Release|Any CPU.ActiveCfg = Release|Any CPU
		{726EAAC3-A645-482C-895A-96E2547B1A4F}.Release|Any CPU.Build.0 = Release|Any CPU
		{67CBC824-A49E-4E9B-A947-360F3DFE65C3}.Debug|Any CPU.ActiveCfg = Debug|Any CPU
		{67CBC824-A49E-4E9B-A947-360F3DFE65C3}.Debug|Any CPU.Build.0 = Debug|Any CPU
		{67CBC824-A49E-4E9B-A947-360F3DFE65C3}.Debug|Any CPU.Deploy.0 = Debug|Any CPU
		{67CBC824-A49E-4E9B-A947-360F3DFE65C3}.Release|Any CPU.ActiveCfg = Release|Any CPU
		{67CBC824-A49E-4E9B-A947-360F3DFE65C3}.Release|Any CPU.Build.0 = Release|Any CPU
		{67CBC824-A49E-4E9B-A947-360F3DFE65C3}.Release|Any CPU.Deploy.0 = Release|Any CPU
		{201E9CD6-51D1-4707-9A49-13E9D2973453}.Debug|Any CPU.ActiveCfg = Debug|Any CPU
		{201E9CD6-51D1-4707-9A49-13E9D2973453}.Debug|Any CPU.Build.0 = Debug|Any CPU
		{201E9CD6-51D1-4707-9A49-13E9D2973453}.Release|Any CPU.ActiveCfg = Release|Any CPU
		{201E9CD6-51D1-4707-9A49-13E9D2973453}.Release|Any CPU.Build.0 = Release|Any CPU
		{43D5AF16-7A22-4C0C-845B-404D85721CE4}.Debug|Any CPU.ActiveCfg = Debug|Any CPU
		{43D5AF16-7A22-4C0C-845B-404D85721CE4}.Debug|Any CPU.Build.0 = Debug|Any CPU
		{43D5AF16-7A22-4C0C-845B-404D85721CE4}.Release|Any CPU.ActiveCfg = Release|Any CPU
		{43D5AF16-7A22-4C0C-845B-404D85721CE4}.Release|Any CPU.Build.0 = Release|Any CPU
	EndGlobalSection
	GlobalSection(SolutionProperties) = preSolution
		HideSolutionNode = FALSE
	EndGlobalSection
	GlobalSection(NestedProjects) = preSolution
		{726EAAC3-A645-482C-895A-96E2547B1A4F} = {7BFBD8D6-82B4-45A4-81D8-97BBF11D2A6D}
		{B5DDF1C4-7178-4035-BCC1-C746076F979A} = {7BFBD8D6-82B4-45A4-81D8-97BBF11D2A6D}
		{030CAA4B-3EA8-4522-A979-E983B3885F1E} = {D7A289AE-52DA-4F11-AD67-3D789967893C}
		{D12F1EEC-928D-4876-A8D6-15D2CADFB460} = {D7A289AE-52DA-4F11-AD67-3D789967893C}
		{201E9CD6-51D1-4707-9A49-13E9D2973453} = {D7A289AE-52DA-4F11-AD67-3D789967893C}
		{43D5AF16-7A22-4C0C-845B-404D85721CE4} = {D7A289AE-52DA-4F11-AD67-3D789967893C}
		{2343B0ED-E37C-4401-BA8A-96880AF036C9} = {3F1C2108-D72E-4B15-8E09-00EA0053FBED}
		{20FD75EF-D541-42BF-ACC8-FD22F200FF57} = {3F1C2108-D72E-4B15-8E09-00EA0053FBED}
		{67CBC824-A49E-4E9B-A947-360F3DFE65C3} = {38A82B5A-541F-4253-A369-49B54C3FD631}
	EndGlobalSection
EndGlobal
