
Microsoft Visual Studio Solution File, Format Version 11.00
# Visual Studio 2010
Project("{FAE04EC0-301F-11D3-BF4B-00C04F79EFBC}") = "DemoApp", "DemoApp\DemoApp.csproj", "{26CFD5D4-94BD-40F3-BABA-E5FC7B6DB623}"
EndProject
Project("{FAE04EC0-301F-11D3-BF4B-00C04F79EFBC}") = "UnitTests", "UnitTests\UnitTests.csproj", "{AFBBA59B-C72C-4E8E-AF6D-53801F84ADF2}"
EndProject
Project("{FAE04EC0-301F-11D3-BF4B-00C04F79EFBC}") = "DemoAppShared", "DemoAppShared\DemoAppShared.csproj", "{3BA1C8C7-B37F-4F3A-8BAC-1DCB8DA606C7}"
EndProject
Project("{FAE04EC0-301F-11D3-BF4B-00C04F79EFBC}") = "DemoAppBuildStarter", "DempAppBuildStarter\DemoAppBuildStarter.csproj", "{6548EB13-B56E-4DAD-B4E4-3F96F389FBE8}"
EndProject
Project("{FAE04EC0-301F-11D3-BF4B-00C04F79EFBC}") = "DemoAppCustomer", "DempAppCustomer\DemoAppCustomer.csproj", "{F47B786E-642B-4CF1-B57D-207F81BC69DD}"
EndProject
Global
	GlobalSection(TestCaseManagementSettings) = postSolution
		CategoryFile = MvvmDemoApp.vsmdi
	EndGlobalSection
	GlobalSection(SolutionConfigurationPlatforms) = preSolution
		Debug|Any CPU = Debug|Any CPU
		Release|Any CPU = Release|Any CPU
	EndGlobalSection
	GlobalSection(ProjectConfigurationPlatforms) = postSolution
		{26CFD5D4-94BD-40F3-BABA-E5FC7B6DB623}.Debug|Any CPU.ActiveCfg = Debug|Any CPU
		{26CFD5D4-94BD-40F3-BABA-E5FC7B6DB623}.Debug|Any CPU.Build.0 = Debug|Any CPU
		{26CFD5D4-94BD-40F3-BABA-E5FC7B6DB623}.Release|Any CPU.ActiveCfg = Release|Any CPU
		{26CFD5D4-94BD-40F3-BABA-E5FC7B6DB623}.Release|Any CPU.Build.0 = Release|Any CPU
		{AFBBA59B-C72C-4E8E-AF6D-53801F84ADF2}.Debug|Any CPU.ActiveCfg = Debug|Any CPU
		{AFBBA59B-C72C-4E8E-AF6D-53801F84ADF2}.Debug|Any CPU.Build.0 = Debug|Any CPU
		{AFBBA59B-C72C-4E8E-AF6D-53801F84ADF2}.Release|Any CPU.ActiveCfg = Release|Any CPU
		{AFBBA59B-C72C-4E8E-AF6D-53801F84ADF2}.Release|Any CPU.Build.0 = Release|Any CPU
		{3BA1C8C7-B37F-4F3A-8BAC-1DCB8DA606C7}.Debug|Any CPU.ActiveCfg = Debug|Any CPU
		{3BA1C8C7-B37F-4F3A-8BAC-1DCB8DA606C7}.Debug|Any CPU.Build.0 = Debug|Any CPU
		{3BA1C8C7-B37F-4F3A-8BAC-1DCB8DA606C7}.Release|Any CPU.ActiveCfg = Release|Any CPU
		{3BA1C8C7-B37F-4F3A-8BAC-1DCB8DA606C7}.Release|Any CPU.Build.0 = Release|Any CPU
		{6548EB13-B56E-4DAD-B4E4-3F96F389FBE8}.Debug|Any CPU.ActiveCfg = Debug|Any CPU
		{6548EB13-B56E-4DAD-B4E4-3F96F389FBE8}.Debug|Any CPU.Build.0 = Debug|Any CPU
		{6548EB13-B56E-4DAD-B4E4-3F96F389FBE8}.Release|Any CPU.ActiveCfg = Release|Any CPU
		{6548EB13-B56E-4DAD-B4E4-3F96F389FBE8}.Release|Any CPU.Build.0 = Release|Any CPU
		{F47B786E-642B-4CF1-B57D-207F81BC69DD}.Debug|Any CPU.ActiveCfg = Debug|Any CPU
		{F47B786E-642B-4CF1-B57D-207F81BC69DD}.Debug|Any CPU.Build.0 = Debug|Any CPU
		{F47B786E-642B-4CF1-B57D-207F81BC69DD}.Release|Any CPU.ActiveCfg = Release|Any CPU
		{F47B786E-642B-4CF1-B57D-207F81BC69DD}.Release|Any CPU.Build.0 = Release|Any CPU
	EndGlobalSection
	GlobalSection(SolutionProperties) = preSolution
		HideSolutionNode = FALSE
	EndGlobalSection
	GlobalSection(ExtensibilityGlobals) = postSolution
		VisualSVNWorkingCopyRoot = .
	EndGlobalSection
EndGlobal
