
Microsoft Visual Studio Solution File, Format Version 10.00
# Visual Studio 2008
Project("{FAE04EC0-301F-11D3-BF4B-00C04F79EFBC}") = "NW.Data", "Bakopanos.NW.Data\NW.Data.csproj", "{DCE68FC2-E64B-4EF0-A133-E3571E5BFF2B}"
EndProject
Project("{FAE04EC0-301F-11D3-BF4B-00C04F79EFBC}") = "NW.Model", "Bakopanos.NW.Model\NW.Model.csproj", "{DB61C69D-0432-4596-A863-D13FDE2FD72D}"
EndProject
Project("{F184B08F-C81C-45F6-A57F-5ABD9991F28F}") = "NW", "Bakopanos.NW\NW.vbproj", "{1FDC102A-11A7-4FE5-A416-75684DE71B70}"
EndProject
Project("{FAE04EC0-301F-11D3-BF4B-00C04F79EFBC}") = "NW.Presentation", "Bakopanos.NW.Presentation\NW.Presentation.csproj", "{BEF8FB92-8ADA-4DC1-8713-9E17FC0611F7}"
EndProject
Project("{FAE04EC0-301F-11D3-BF4B-00C04F79EFBC}") = "NW.Application", "Bakopanos.NW.Application\NW.Application.csproj", "{A0030575-A539-4D38-9169-3E382C222C4C}"
	ProjectSection(ProjectDependencies) = postProject
		{8AEC1CD5-ED34-45E0-8712-30A3A5454F49} = {8AEC1CD5-ED34-45E0-8712-30A3A5454F49}
	EndProjectSection
EndProject
Project("{FAE04EC0-301F-11D3-BF4B-00C04F79EFBC}") = "NW.Service", "Bakopanos.NW.Services\NW.Service.csproj", "{8AEC1CD5-ED34-45E0-8712-30A3A5454F49}"
EndProject
Global
	GlobalSection(SolutionConfigurationPlatforms) = preSolution
		Debug|Any CPU = Debug|Any CPU
		Release|Any CPU = Release|Any CPU
	EndGlobalSection
	GlobalSection(ProjectConfigurationPlatforms) = postSolution
		{DCE68FC2-E64B-4EF0-A133-E3571E5BFF2B}.Debug|Any CPU.ActiveCfg = Debug|Any CPU
		{DCE68FC2-E64B-4EF0-A133-E3571E5BFF2B}.Debug|Any CPU.Build.0 = Debug|Any CPU
		{DCE68FC2-E64B-4EF0-A133-E3571E5BFF2B}.Release|Any CPU.ActiveCfg = Release|Any CPU
		{DCE68FC2-E64B-4EF0-A133-E3571E5BFF2B}.Release|Any CPU.Build.0 = Release|Any CPU
		{DB61C69D-0432-4596-A863-D13FDE2FD72D}.Debug|Any CPU.ActiveCfg = Debug|Any CPU
		{DB61C69D-0432-4596-A863-D13FDE2FD72D}.Debug|Any CPU.Build.0 = Debug|Any CPU
		{DB61C69D-0432-4596-A863-D13FDE2FD72D}.Release|Any CPU.ActiveCfg = Release|Any CPU
		{DB61C69D-0432-4596-A863-D13FDE2FD72D}.Release|Any CPU.Build.0 = Release|Any CPU
		{1FDC102A-11A7-4FE5-A416-75684DE71B70}.Debug|Any CPU.ActiveCfg = Debug|Any CPU
		{1FDC102A-11A7-4FE5-A416-75684DE71B70}.Debug|Any CPU.Build.0 = Debug|Any CPU
		{1FDC102A-11A7-4FE5-A416-75684DE71B70}.Release|Any CPU.ActiveCfg = Release|Any CPU
		{1FDC102A-11A7-4FE5-A416-75684DE71B70}.Release|Any CPU.Build.0 = Release|Any CPU
		{BEF8FB92-8ADA-4DC1-8713-9E17FC0611F7}.Debug|Any CPU.ActiveCfg = Debug|Any CPU
		{BEF8FB92-8ADA-4DC1-8713-9E17FC0611F7}.Debug|Any CPU.Build.0 = Debug|Any CPU
		{BEF8FB92-8ADA-4DC1-8713-9E17FC0611F7}.Release|Any CPU.ActiveCfg = Release|Any CPU
		{BEF8FB92-8ADA-4DC1-8713-9E17FC0611F7}.Release|Any CPU.Build.0 = Release|Any CPU
		{A0030575-A539-4D38-9169-3E382C222C4C}.Debug|Any CPU.ActiveCfg = Debug|Any CPU
		{A0030575-A539-4D38-9169-3E382C222C4C}.Debug|Any CPU.Build.0 = Debug|Any CPU
		{A0030575-A539-4D38-9169-3E382C222C4C}.Release|Any CPU.ActiveCfg = Release|Any CPU
		{A0030575-A539-4D38-9169-3E382C222C4C}.Release|Any CPU.Build.0 = Release|Any CPU
		{8AEC1CD5-ED34-45E0-8712-30A3A5454F49}.Debug|Any CPU.ActiveCfg = Debug|Any CPU
		{8AEC1CD5-ED34-45E0-8712-30A3A5454F49}.Debug|Any CPU.Build.0 = Debug|Any CPU
		{8AEC1CD5-ED34-45E0-8712-30A3A5454F49}.Release|Any CPU.ActiveCfg = Release|Any CPU
		{8AEC1CD5-ED34-45E0-8712-30A3A5454F49}.Release|Any CPU.Build.0 = Release|Any CPU
	EndGlobalSection
	GlobalSection(SolutionProperties) = preSolution
		HideSolutionNode = FALSE
	EndGlobalSection
EndGlobal
