
Microsoft Visual Studio Solution File, Format Version 10.00
# Visual Studio 2008
Project("{FAE04EC0-301F-11D3-BF4B-00C04F79EFBC}") = "Evolutil.Data", "source\Evolutil.Data\Evolutil.Data.csproj", "{F241FAAA-0F0E-42B1-91E6-443D3417A8E0}"
EndProject
Project("{FAE04EC0-301F-11D3-BF4B-00C04F79EFBC}") = "Evolutil.Data.Linq", "source\Evolutil.Data.Linq\Evolutil.Data.Linq.csproj", "{BFA181FF-E382-4C4D-8E18-5A3880979F7D}"
EndProject
Project("{FAE04EC0-301F-11D3-BF4B-00C04F79EFBC}") = "Evolutil.Domain", "source\Evolutil.Domain\Evolutil.Domain.csproj", "{A99C7F14-9BA0-4989-9DE9-749F2325543D}"
EndProject
Project("{FAE04EC0-301F-11D3-BF4B-00C04F79EFBC}") = "Evolutil.Services", "source\Evolutil.Services\Evolutil.Services.csproj", "{7DFCB357-D971-4120-8E3F-75685DD22E31}"
EndProject
Project("{FAE04EC0-301F-11D3-BF4B-00C04F79EFBC}") = "Evolutil.ServiceContracts", "source\Evolutil.ServiceContracts\Evolutil.ServiceContracts.csproj", "{E410F0EB-CB4D-4125-BEE6-78DAE5AEA033}"
EndProject
Project("{FAE04EC0-301F-11D3-BF4B-00C04F79EFBC}") = "Evolutil.Library", "source\Evolutil.Library\Evolutil.Library.csproj", "{287698FC-14C0-4C6A-AD80-C185B800FDC4}"
EndProject
Project("{FAE04EC0-301F-11D3-BF4B-00C04F79EFBC}") = "Evolutil.ServiceHost", "source\Evolutil.ServiceHost\Evolutil.ServiceHost.csproj", "{099D7134-402F-46C0-A343-96E00E198F3F}"
EndProject
Project("{FAE04EC0-301F-11D3-BF4B-00C04F79EFBC}") = "Evolutil.ServiceClient", "source\Evolutil.ServiceClient\Evolutil.ServiceClient.csproj", "{5F0001E5-B57F-4493-B253-2780ECB95D4C}"
	ProjectSection(ProjectDependencies) = postProject
		{099D7134-402F-46C0-A343-96E00E198F3F} = {099D7134-402F-46C0-A343-96E00E198F3F}
	EndProjectSection
EndProject
Project("{FAE04EC0-301F-11D3-BF4B-00C04F79EFBC}") = "Evolutil.Data.AdoNet", "source\Evolutil.Data.AdoNet\Evolutil.Data.AdoNet.csproj", "{50DBF856-44B8-467F-BC03-F3B59F7FECA3}"
EndProject
Project("{FAE04EC0-301F-11D3-BF4B-00C04F79EFBC}") = "Evolutil.Library.Log", "source\Evolutil.Library.Log\Evolutil.Library.Log.csproj", "{1E286DDC-B329-4660-B355-5EDF0328B058}"
EndProject
Project("{2150E333-8FDC-42A3-9474-1A3956D46DE8}") = "5. Data", "5. Data", "{22CD4B5F-325B-4088-8FF9-220CB868425C}"
EndProject
Project("{2150E333-8FDC-42A3-9474-1A3956D46DE8}") = "Domain", "Domain", "{832A946E-D73D-42C8-B207-BB49EA9029E7}"
EndProject
Project("{2150E333-8FDC-42A3-9474-1A3956D46DE8}") = "Library", "Library", "{0285C7FA-582B-4262-936A-145F41873FF2}"
EndProject
Project("{2150E333-8FDC-42A3-9474-1A3956D46DE8}") = "3. Server", "3. Server", "{358D5268-0FF2-4673-AEE0-CC2FB0DE28AB}"
EndProject
Project("{2150E333-8FDC-42A3-9474-1A3956D46DE8}") = "2. Client", "2. Client", "{BDDE92EC-BA27-45F7-9E55-247F78CA6651}"
EndProject
Project("{2150E333-8FDC-42A3-9474-1A3956D46DE8}") = "4. Services", "4. Services", "{79EE2D4E-0CFA-4918-ACEE-20C2AEC69170}"
EndProject
Project("{2150E333-8FDC-42A3-9474-1A3956D46DE8}") = "1. Presentation", "1. Presentation", "{6E9CD881-D009-44A5-ADCC-220BEEEAB658}"
EndProject
Project("{FAE04EC0-301F-11D3-BF4B-00C04F79EFBC}") = "Evolutil.WinForms", "source\Evolutil.WinForms\Evolutil.WinForms.csproj", "{A23E6B76-60A8-40F1-B6CF-2928DDC0B568}"
EndProject
Project("{FAE04EC0-301F-11D3-BF4B-00C04F79EFBC}") = "Evolutil.WebForms", "source\Evolutil.WebForms\Evolutil.WebForms.csproj", "{B0296C36-65A3-4E04-8EB4-F3D458BD8672}"
EndProject
Project("{FAE04EC0-301F-11D3-BF4B-00C04F79EFBC}") = "Evolutil", "source\Evolutil\Evolutil.csproj", "{6CE4D8E5-F812-4F51-8650-08F27BAD7422}"
EndProject
Project("{FAE04EC0-301F-11D3-BF4B-00C04F79EFBC}") = "Evolutil.Domain.UnitTests", "source\Evolutil.Domain.UnitTests\Evolutil.Domain.UnitTests.csproj", "{CB0BEBA3-E3A2-471D-98E1-1FCF8C2981E1}"
EndProject
Project("{FAE04EC0-301F-11D3-BF4B-00C04F79EFBC}") = "CopyProject", "source\CopyProject\CopyProject.csproj", "{45D79516-1A46-42D0-930D-F6D8AD3699BC}"
EndProject
Project("{FAE04EC0-301F-11D3-BF4B-00C04F79EFBC}") = "Evolutil.Library.Postsharp", "source\Evolutil.Library.Postsharp\Evolutil.Library.Postsharp.csproj", "{C57B9B89-A95E-460F-BFEC-E60EA1B03C5A}"
EndProject
Global
	GlobalSection(SolutionConfigurationPlatforms) = preSolution
		Debug|Any CPU = Debug|Any CPU
		Release|Any CPU = Release|Any CPU
	EndGlobalSection
	GlobalSection(ProjectConfigurationPlatforms) = postSolution
		{F241FAAA-0F0E-42B1-91E6-443D3417A8E0}.Debug|Any CPU.ActiveCfg = Debug|Any CPU
		{F241FAAA-0F0E-42B1-91E6-443D3417A8E0}.Debug|Any CPU.Build.0 = Debug|Any CPU
		{F241FAAA-0F0E-42B1-91E6-443D3417A8E0}.Release|Any CPU.ActiveCfg = Release|Any CPU
		{F241FAAA-0F0E-42B1-91E6-443D3417A8E0}.Release|Any CPU.Build.0 = Release|Any CPU
		{BFA181FF-E382-4C4D-8E18-5A3880979F7D}.Debug|Any CPU.ActiveCfg = Debug|Any CPU
		{BFA181FF-E382-4C4D-8E18-5A3880979F7D}.Debug|Any CPU.Build.0 = Debug|Any CPU
		{BFA181FF-E382-4C4D-8E18-5A3880979F7D}.Release|Any CPU.ActiveCfg = Release|Any CPU
		{BFA181FF-E382-4C4D-8E18-5A3880979F7D}.Release|Any CPU.Build.0 = Release|Any CPU
		{A99C7F14-9BA0-4989-9DE9-749F2325543D}.Debug|Any CPU.ActiveCfg = Debug|Any CPU
		{A99C7F14-9BA0-4989-9DE9-749F2325543D}.Debug|Any CPU.Build.0 = Debug|Any CPU
		{A99C7F14-9BA0-4989-9DE9-749F2325543D}.Release|Any CPU.ActiveCfg = Release|Any CPU
		{A99C7F14-9BA0-4989-9DE9-749F2325543D}.Release|Any CPU.Build.0 = Release|Any CPU
		{7DFCB357-D971-4120-8E3F-75685DD22E31}.Debug|Any CPU.ActiveCfg = Debug|Any CPU
		{7DFCB357-D971-4120-8E3F-75685DD22E31}.Debug|Any CPU.Build.0 = Debug|Any CPU
		{7DFCB357-D971-4120-8E3F-75685DD22E31}.Release|Any CPU.ActiveCfg = Release|Any CPU
		{7DFCB357-D971-4120-8E3F-75685DD22E31}.Release|Any CPU.Build.0 = Release|Any CPU
		{E410F0EB-CB4D-4125-BEE6-78DAE5AEA033}.Debug|Any CPU.ActiveCfg = Debug|Any CPU
		{E410F0EB-CB4D-4125-BEE6-78DAE5AEA033}.Debug|Any CPU.Build.0 = Debug|Any CPU
		{E410F0EB-CB4D-4125-BEE6-78DAE5AEA033}.Release|Any CPU.ActiveCfg = Release|Any CPU
		{E410F0EB-CB4D-4125-BEE6-78DAE5AEA033}.Release|Any CPU.Build.0 = Release|Any CPU
		{287698FC-14C0-4C6A-AD80-C185B800FDC4}.Debug|Any CPU.ActiveCfg = Debug|Any CPU
		{287698FC-14C0-4C6A-AD80-C185B800FDC4}.Debug|Any CPU.Build.0 = Debug|Any CPU
		{287698FC-14C0-4C6A-AD80-C185B800FDC4}.Release|Any CPU.ActiveCfg = Release|Any CPU
		{287698FC-14C0-4C6A-AD80-C185B800FDC4}.Release|Any CPU.Build.0 = Release|Any CPU
		{099D7134-402F-46C0-A343-96E00E198F3F}.Debug|Any CPU.ActiveCfg = Debug|Any CPU
		{099D7134-402F-46C0-A343-96E00E198F3F}.Debug|Any CPU.Build.0 = Debug|Any CPU
		{099D7134-402F-46C0-A343-96E00E198F3F}.Release|Any CPU.ActiveCfg = Release|Any CPU
		{099D7134-402F-46C0-A343-96E00E198F3F}.Release|Any CPU.Build.0 = Release|Any CPU
		{5F0001E5-B57F-4493-B253-2780ECB95D4C}.Debug|Any CPU.ActiveCfg = Debug|Any CPU
		{5F0001E5-B57F-4493-B253-2780ECB95D4C}.Debug|Any CPU.Build.0 = Debug|Any CPU
		{5F0001E5-B57F-4493-B253-2780ECB95D4C}.Release|Any CPU.ActiveCfg = Release|Any CPU
		{5F0001E5-B57F-4493-B253-2780ECB95D4C}.Release|Any CPU.Build.0 = Release|Any CPU
		{50DBF856-44B8-467F-BC03-F3B59F7FECA3}.Debug|Any CPU.ActiveCfg = Debug|Any CPU
		{50DBF856-44B8-467F-BC03-F3B59F7FECA3}.Debug|Any CPU.Build.0 = Debug|Any CPU
		{50DBF856-44B8-467F-BC03-F3B59F7FECA3}.Release|Any CPU.ActiveCfg = Release|Any CPU
		{50DBF856-44B8-467F-BC03-F3B59F7FECA3}.Release|Any CPU.Build.0 = Release|Any CPU
		{1E286DDC-B329-4660-B355-5EDF0328B058}.Debug|Any CPU.ActiveCfg = Debug|Any CPU
		{1E286DDC-B329-4660-B355-5EDF0328B058}.Debug|Any CPU.Build.0 = Debug|Any CPU
		{1E286DDC-B329-4660-B355-5EDF0328B058}.Release|Any CPU.ActiveCfg = Release|Any CPU
		{1E286DDC-B329-4660-B355-5EDF0328B058}.Release|Any CPU.Build.0 = Release|Any CPU
		{A23E6B76-60A8-40F1-B6CF-2928DDC0B568}.Debug|Any CPU.ActiveCfg = Debug|Any CPU
		{A23E6B76-60A8-40F1-B6CF-2928DDC0B568}.Debug|Any CPU.Build.0 = Debug|Any CPU
		{A23E6B76-60A8-40F1-B6CF-2928DDC0B568}.Release|Any CPU.ActiveCfg = Release|Any CPU
		{A23E6B76-60A8-40F1-B6CF-2928DDC0B568}.Release|Any CPU.Build.0 = Release|Any CPU
		{B0296C36-65A3-4E04-8EB4-F3D458BD8672}.Debug|Any CPU.ActiveCfg = Debug|Any CPU
		{B0296C36-65A3-4E04-8EB4-F3D458BD8672}.Debug|Any CPU.Build.0 = Debug|Any CPU
		{B0296C36-65A3-4E04-8EB4-F3D458BD8672}.Release|Any CPU.ActiveCfg = Release|Any CPU
		{B0296C36-65A3-4E04-8EB4-F3D458BD8672}.Release|Any CPU.Build.0 = Release|Any CPU
		{6CE4D8E5-F812-4F51-8650-08F27BAD7422}.Debug|Any CPU.ActiveCfg = Debug|Any CPU
		{6CE4D8E5-F812-4F51-8650-08F27BAD7422}.Debug|Any CPU.Build.0 = Debug|Any CPU
		{6CE4D8E5-F812-4F51-8650-08F27BAD7422}.Release|Any CPU.ActiveCfg = Release|Any CPU
		{6CE4D8E5-F812-4F51-8650-08F27BAD7422}.Release|Any CPU.Build.0 = Release|Any CPU
		{CB0BEBA3-E3A2-471D-98E1-1FCF8C2981E1}.Debug|Any CPU.ActiveCfg = Debug|Any CPU
		{CB0BEBA3-E3A2-471D-98E1-1FCF8C2981E1}.Debug|Any CPU.Build.0 = Debug|Any CPU
		{CB0BEBA3-E3A2-471D-98E1-1FCF8C2981E1}.Release|Any CPU.ActiveCfg = Release|Any CPU
		{CB0BEBA3-E3A2-471D-98E1-1FCF8C2981E1}.Release|Any CPU.Build.0 = Release|Any CPU
		{45D79516-1A46-42D0-930D-F6D8AD3699BC}.Debug|Any CPU.ActiveCfg = Debug|Any CPU
		{45D79516-1A46-42D0-930D-F6D8AD3699BC}.Debug|Any CPU.Build.0 = Debug|Any CPU
		{45D79516-1A46-42D0-930D-F6D8AD3699BC}.Release|Any CPU.ActiveCfg = Release|Any CPU
		{45D79516-1A46-42D0-930D-F6D8AD3699BC}.Release|Any CPU.Build.0 = Release|Any CPU
		{C57B9B89-A95E-460F-BFEC-E60EA1B03C5A}.Debug|Any CPU.ActiveCfg = Debug|Any CPU
		{C57B9B89-A95E-460F-BFEC-E60EA1B03C5A}.Debug|Any CPU.Build.0 = Debug|Any CPU
		{C57B9B89-A95E-460F-BFEC-E60EA1B03C5A}.Release|Any CPU.ActiveCfg = Release|Any CPU
		{C57B9B89-A95E-460F-BFEC-E60EA1B03C5A}.Release|Any CPU.Build.0 = Release|Any CPU
	EndGlobalSection
	GlobalSection(SolutionProperties) = preSolution
		HideSolutionNode = FALSE
	EndGlobalSection
	GlobalSection(NestedProjects) = preSolution
		{BFA181FF-E382-4C4D-8E18-5A3880979F7D} = {22CD4B5F-325B-4088-8FF9-220CB868425C}
		{50DBF856-44B8-467F-BC03-F3B59F7FECA3} = {22CD4B5F-325B-4088-8FF9-220CB868425C}
		{F241FAAA-0F0E-42B1-91E6-443D3417A8E0} = {22CD4B5F-325B-4088-8FF9-220CB868425C}
		{A99C7F14-9BA0-4989-9DE9-749F2325543D} = {832A946E-D73D-42C8-B207-BB49EA9029E7}
		{CB0BEBA3-E3A2-471D-98E1-1FCF8C2981E1} = {832A946E-D73D-42C8-B207-BB49EA9029E7}
		{E410F0EB-CB4D-4125-BEE6-78DAE5AEA033} = {79EE2D4E-0CFA-4918-ACEE-20C2AEC69170}
		{7DFCB357-D971-4120-8E3F-75685DD22E31} = {79EE2D4E-0CFA-4918-ACEE-20C2AEC69170}
		{1E286DDC-B329-4660-B355-5EDF0328B058} = {0285C7FA-582B-4262-936A-145F41873FF2}
		{287698FC-14C0-4C6A-AD80-C185B800FDC4} = {0285C7FA-582B-4262-936A-145F41873FF2}
		{C57B9B89-A95E-460F-BFEC-E60EA1B03C5A} = {0285C7FA-582B-4262-936A-145F41873FF2}
		{099D7134-402F-46C0-A343-96E00E198F3F} = {358D5268-0FF2-4673-AEE0-CC2FB0DE28AB}
		{5F0001E5-B57F-4493-B253-2780ECB95D4C} = {BDDE92EC-BA27-45F7-9E55-247F78CA6651}
		{A23E6B76-60A8-40F1-B6CF-2928DDC0B568} = {6E9CD881-D009-44A5-ADCC-220BEEEAB658}
		{B0296C36-65A3-4E04-8EB4-F3D458BD8672} = {6E9CD881-D009-44A5-ADCC-220BEEEAB658}
	EndGlobalSection
EndGlobal
