
Microsoft Visual Studio Solution File, Format Version 11.00
# Visual Studio 2010
Project("{FAE04EC0-301F-11D3-BF4B-00C04F79EFBC}") = "ASPNET.StarterKit.Portal", "ASPNET.StarterKit.Portal\ASPNET.StarterKit.Portal.csproj", "{B5DDF1C4-7178-4035-BCC1-C746076F979A}"
EndProject
Project("{FAE04EC0-301F-11D3-BF4B-00C04F79EFBC}") = "Portal.Modules.Model", "Portal.Modules.Model\Portal.Modules.Model.csproj", "{6D0C887E-DEBC-4498-87B9-EAAA7417B890}"
EndProject
Project("{C8D11400-126E-41CD-887F-60BD40844F9E}") = "DatabaseSqlServer", "DatabaseSqlServer\DatabaseSqlServer.dbproj", "{67CBC824-A49E-4E9B-A947-360F3DFE65C3}"
EndProject
Project("{FAE04EC0-301F-11D3-BF4B-00C04F79EFBC}") = "Portal.Modules.Data", "Portal.Modules.Data\Portal.Modules.Data.csproj", "{358A2AC0-1E88-4F4A-8A90-AF2F5E5310D6}"
EndProject
Global
	GlobalSection(SolutionConfigurationPlatforms) = preSolution
		Debug|Any CPU = Debug|Any CPU
		Release|Any CPU = Release|Any CPU
	EndGlobalSection
	GlobalSection(ProjectConfigurationPlatforms) = postSolution
		{B5DDF1C4-7178-4035-BCC1-C746076F979A}.Debug|Any CPU.ActiveCfg = Debug|Any CPU
		{B5DDF1C4-7178-4035-BCC1-C746076F979A}.Debug|Any CPU.Build.0 = Debug|Any CPU
		{B5DDF1C4-7178-4035-BCC1-C746076F979A}.Release|Any CPU.ActiveCfg = Release|Any CPU
		{B5DDF1C4-7178-4035-BCC1-C746076F979A}.Release|Any CPU.Build.0 = Release|Any CPU
		{6D0C887E-DEBC-4498-87B9-EAAA7417B890}.Debug|Any CPU.ActiveCfg = Debug|Any CPU
		{6D0C887E-DEBC-4498-87B9-EAAA7417B890}.Debug|Any CPU.Build.0 = Debug|Any CPU
		{6D0C887E-DEBC-4498-87B9-EAAA7417B890}.Release|Any CPU.ActiveCfg = Release|Any CPU
		{6D0C887E-DEBC-4498-87B9-EAAA7417B890}.Release|Any CPU.Build.0 = Release|Any CPU
		{67CBC824-A49E-4E9B-A947-360F3DFE65C3}.Debug|Any CPU.ActiveCfg = Debug|Any CPU
		{67CBC824-A49E-4E9B-A947-360F3DFE65C3}.Debug|Any CPU.Build.0 = Debug|Any CPU
		{67CBC824-A49E-4E9B-A947-360F3DFE65C3}.Debug|Any CPU.Deploy.0 = Debug|Any CPU
		{67CBC824-A49E-4E9B-A947-360F3DFE65C3}.Release|Any CPU.ActiveCfg = Release|Any CPU
		{67CBC824-A49E-4E9B-A947-360F3DFE65C3}.Release|Any CPU.Build.0 = Release|Any CPU
		{67CBC824-A49E-4E9B-A947-360F3DFE65C3}.Release|Any CPU.Deploy.0 = Release|Any CPU
		{358A2AC0-1E88-4F4A-8A90-AF2F5E5310D6}.Debug|Any CPU.ActiveCfg = Debug|Any CPU
		{358A2AC0-1E88-4F4A-8A90-AF2F5E5310D6}.Debug|Any CPU.Build.0 = Debug|Any CPU
		{358A2AC0-1E88-4F4A-8A90-AF2F5E5310D6}.Release|Any CPU.ActiveCfg = Release|Any CPU
		{358A2AC0-1E88-4F4A-8A90-AF2F5E5310D6}.Release|Any CPU.Build.0 = Release|Any CPU
	EndGlobalSection
	GlobalSection(SolutionProperties) = preSolution
		HideSolutionNode = FALSE
	EndGlobalSection
EndGlobal
