
Microsoft Visual Studio Solution File, Format Version 10.00
# Visual Studio 2008
Project("{E24C65DC-7377-472B-9ABA-BC803B73C61A}") = "WebSite", "WebSite", "{B295560B-B86E-4745-94B3-B6BB058FECED}"
	ProjectSection(WebsiteProperties) = preProject
		TargetFramework = "3.5"
		Debug.AspNetCompiler.VirtualPath = "/WebSite"
		Debug.AspNetCompiler.PhysicalPath = "WebSite\"
		Debug.AspNetCompiler.TargetPath = "PrecompiledWeb\WebSite\"
		Debug.AspNetCompiler.Updateable = "true"
		Debug.AspNetCompiler.ForceOverwrite = "true"
		Debug.AspNetCompiler.FixedNames = "false"
		Debug.AspNetCompiler.Debug = "True"
		Release.AspNetCompiler.VirtualPath = "/WebSite"
		Release.AspNetCompiler.PhysicalPath = "WebSite\"
		Release.AspNetCompiler.TargetPath = "PrecompiledWeb\WebSite\"
		Release.AspNetCompiler.Updateable = "true"
		Release.AspNetCompiler.ForceOverwrite = "true"
		Release.AspNetCompiler.FixedNames = "false"
		Release.AspNetCompiler.Debug = "False"
		VWDPort = "1352"
	EndProjectSection
EndProject
Global
	GlobalSection(SolutionConfigurationPlatforms) = preSolution
		Debug|.NET = Debug|.NET
	EndGlobalSection
	GlobalSection(ProjectConfigurationPlatforms) = postSolution
		{B295560B-B86E-4745-94B3-B6BB058FECED}.Debug|.NET.ActiveCfg = Debug|.NET
		{B295560B-B86E-4745-94B3-B6BB058FECED}.Debug|.NET.Build.0 = Debug|.NET
	EndGlobalSection
	GlobalSection(SolutionProperties) = preSolution
		HideSolutionNode = FALSE
	EndGlobalSection
EndGlobal
