
Microsoft Visual Studio Solution File, Format Version 11.00
# Visual Studio 2010
Project("{FAE04EC0-301F-11D3-BF4B-00C04F79EFBC}") = "DemoApp", "DemoApp\DemoApp.csproj", "{26CFD5D4-94BD-40F3-BABA-E5FC7B6DB623}"
EndProject
Project("{FAE04EC0-301F-11D3-BF4B-00C04F79EFBC}") = "PortalCore", "PortalCore\PortalCore.csproj", "{36BBB9BC-F3E6-48C5-896A-EE488A10499D}"
EndProject
Project("{FAE04EC0-301F-11D3-BF4B-00C04F79EFBC}") = "PortalModules", "PortalModules\PortalModules.csproj", "{415A7800-27CF-4194-B419-346C7245E783}"
EndProject
Project("{FAE04EC0-301F-11D3-BF4B-00C04F79EFBC}") = "PortalModules.Tests", "PortalModules.Tests\PortalModules.Tests.csproj", "{C2139F90-E1E9-4394-8CED-9775D299F0F8}"
EndProject
Project("{FAE04EC0-301F-11D3-BF4B-00C04F79EFBC}") = "PortalSecurity", "PortalSecurity\PortalSecurity.csproj", "{96451A30-ED9A-4C81-9800-6E3BFDD8D4BC}"
EndProject
Project("{FAE04EC0-301F-11D3-BF4B-00C04F79EFBC}") = "PortalSecurity.Tests", "PortalSecurity.Tests\PortalSecurity.Tests.csproj", "{0C98EDAE-128C-4D8E-AEA6-0DBD1B33283A}"
EndProject
Project("{FAE04EC0-301F-11D3-BF4B-00C04F79EFBC}") = "PortalConfiguration", "PortalConfiguration\PortalConfiguration.csproj", "{53ED8DED-F1F8-4826-A76F-1201E3DFEA8E}"
EndProject
Project("{FAE04EC0-301F-11D3-BF4B-00C04F79EFBC}") = "PortalConfiguration.Tests", "PortalConfiguration.Tests\PortalConfiguration.Tests.csproj", "{230C0867-995F-4EFA-B002-6F8BB7C5C152}"
EndProject
Project("{2150E333-8FDC-42A3-9474-1A3956D46DE8}") = "Solution Items", "Solution Items", "{B1AC3AF9-CAC8-489C-893B-9DD5588DCCD9}"
	ProjectSection(SolutionItems) = preProject
		Codeplex.proj = Codeplex.proj
		Developer.proj = Developer.proj
		Master.proj = Master.proj
		Master.targets = Master.targets
	EndProjectSection
EndProject
Global
	GlobalSection(TestCaseManagementSettings) = postSolution
		CategoryFile = MvvmDemoApp.vsmdi
	EndGlobalSection
	GlobalSection(SolutionConfigurationPlatforms) = preSolution
		Debug|Any CPU = Debug|Any CPU
		Release|Any CPU = Release|Any CPU
	EndGlobalSection
	GlobalSection(ProjectConfigurationPlatforms) = postSolution
		{26CFD5D4-94BD-40F3-BABA-E5FC7B6DB623}.Debug|Any CPU.ActiveCfg = Debug|Any CPU
		{26CFD5D4-94BD-40F3-BABA-E5FC7B6DB623}.Debug|Any CPU.Build.0 = Debug|Any CPU
		{26CFD5D4-94BD-40F3-BABA-E5FC7B6DB623}.Release|Any CPU.ActiveCfg = Release|Any CPU
		{26CFD5D4-94BD-40F3-BABA-E5FC7B6DB623}.Release|Any CPU.Build.0 = Release|Any CPU
		{36BBB9BC-F3E6-48C5-896A-EE488A10499D}.Debug|Any CPU.ActiveCfg = Debug|Any CPU
		{36BBB9BC-F3E6-48C5-896A-EE488A10499D}.Debug|Any CPU.Build.0 = Debug|Any CPU
		{36BBB9BC-F3E6-48C5-896A-EE488A10499D}.Release|Any CPU.ActiveCfg = Release|Any CPU
		{36BBB9BC-F3E6-48C5-896A-EE488A10499D}.Release|Any CPU.Build.0 = Release|Any CPU
		{415A7800-27CF-4194-B419-346C7245E783}.Debug|Any CPU.ActiveCfg = Debug|Any CPU
		{415A7800-27CF-4194-B419-346C7245E783}.Debug|Any CPU.Build.0 = Debug|Any CPU
		{415A7800-27CF-4194-B419-346C7245E783}.Release|Any CPU.ActiveCfg = Release|Any CPU
		{415A7800-27CF-4194-B419-346C7245E783}.Release|Any CPU.Build.0 = Release|Any CPU
		{C2139F90-E1E9-4394-8CED-9775D299F0F8}.Debug|Any CPU.ActiveCfg = Debug|Any CPU
		{C2139F90-E1E9-4394-8CED-9775D299F0F8}.Debug|Any CPU.Build.0 = Debug|Any CPU
		{C2139F90-E1E9-4394-8CED-9775D299F0F8}.Release|Any CPU.ActiveCfg = Release|Any CPU
		{C2139F90-E1E9-4394-8CED-9775D299F0F8}.Release|Any CPU.Build.0 = Release|Any CPU
		{96451A30-ED9A-4C81-9800-6E3BFDD8D4BC}.Debug|Any CPU.ActiveCfg = Debug|Any CPU
		{96451A30-ED9A-4C81-9800-6E3BFDD8D4BC}.Debug|Any CPU.Build.0 = Debug|Any CPU
		{96451A30-ED9A-4C81-9800-6E3BFDD8D4BC}.Release|Any CPU.ActiveCfg = Release|Any CPU
		{96451A30-ED9A-4C81-9800-6E3BFDD8D4BC}.Release|Any CPU.Build.0 = Release|Any CPU
		{0C98EDAE-128C-4D8E-AEA6-0DBD1B33283A}.Debug|Any CPU.ActiveCfg = Debug|Any CPU
		{0C98EDAE-128C-4D8E-AEA6-0DBD1B33283A}.Debug|Any CPU.Build.0 = Debug|Any CPU
		{0C98EDAE-128C-4D8E-AEA6-0DBD1B33283A}.Release|Any CPU.ActiveCfg = Release|Any CPU
		{0C98EDAE-128C-4D8E-AEA6-0DBD1B33283A}.Release|Any CPU.Build.0 = Release|Any CPU
		{53ED8DED-F1F8-4826-A76F-1201E3DFEA8E}.Debug|Any CPU.ActiveCfg = Debug|Any CPU
		{53ED8DED-F1F8-4826-A76F-1201E3DFEA8E}.Debug|Any CPU.Build.0 = Debug|Any CPU
		{53ED8DED-F1F8-4826-A76F-1201E3DFEA8E}.Release|Any CPU.ActiveCfg = Release|Any CPU
		{53ED8DED-F1F8-4826-A76F-1201E3DFEA8E}.Release|Any CPU.Build.0 = Release|Any CPU
		{230C0867-995F-4EFA-B002-6F8BB7C5C152}.Debug|Any CPU.ActiveCfg = Debug|Any CPU
		{230C0867-995F-4EFA-B002-6F8BB7C5C152}.Debug|Any CPU.Build.0 = Debug|Any CPU
		{230C0867-995F-4EFA-B002-6F8BB7C5C152}.Release|Any CPU.ActiveCfg = Release|Any CPU
		{230C0867-995F-4EFA-B002-6F8BB7C5C152}.Release|Any CPU.Build.0 = Release|Any CPU
	EndGlobalSection
	GlobalSection(SolutionProperties) = preSolution
		HideSolutionNode = FALSE
	EndGlobalSection
EndGlobal
