
Microsoft Visual Studio Solution File, Format Version 10.00
# Visual Studio 2008
Project("{FAE04EC0-301F-11D3-BF4B-00C04F79EFBC}") = "NW247.Shell", "NW247.Shell\NW247.Shell.csproj", "{CA37385F-6A4E-427B-B3F4-76C88FD9E338}"
EndProject
Project("{FAE04EC0-301F-11D3-BF4B-00C04F79EFBC}") = "NW247.Model", "NW247.Model\NW247.Model.csproj", "{D831BB7E-C328-4CCA-BC50-A14A63242F82}"
EndProject
Project("{FAE04EC0-301F-11D3-BF4B-00C04F79EFBC}") = "NW247.Data", "NW247.Data\NW247.Data.csproj", "{49BE8BED-D0EA-4610-A12C-EDAE5F2F030A}"
EndProject
Project("{FAE04EC0-301F-11D3-BF4B-00C04F79EFBC}") = "NW247.Services", "NW247.Services\NW247.Services.csproj", "{5C832D1C-E342-4A56-AC44-0B22D5FEA985}"
EndProject
Project("{FAE04EC0-301F-11D3-BF4B-00C04F79EFBC}") = "NW247.Module", "NW247.Module\NW247.Module.csproj", "{8C15254E-1490-423E-84EE-95608EA423EE}"
EndProject
Project("{FAE04EC0-301F-11D3-BF4B-00C04F79EFBC}") = "NW247.Infrastructure", "NW247.Infrastructure\NW247.Infrastructure.csproj", "{986DEB12-7420-4495-8C97-62CEC9B8C26D}"
EndProject
Project("{2150E333-8FDC-42A3-9474-1A3956D46DE8}") = "UI", "UI", "{DFF421EF-225B-4D50-ABFD-C12C50A90CD8}"
EndProject
Project("{2150E333-8FDC-42A3-9474-1A3956D46DE8}") = "Solution Items", "Solution Items", "{31549EC6-3E7D-4E1F-9D6C-420A55218EF3}"
	ProjectSection(SolutionItems) = preProject
		instnwnd.sql = instnwnd.sql
	EndProjectSection
EndProject
Project("{2150E333-8FDC-42A3-9474-1A3956D46DE8}") = "bin", "bin", "{D16749C2-F177-4DEB-B99C-A125010BC140}"
	ProjectSection(SolutionItems) = preProject
		bin\Microsoft.Practices.Composite.dll = bin\Microsoft.Practices.Composite.dll
		bin\Microsoft.Practices.Composite.UnityExtensions.dll = bin\Microsoft.Practices.Composite.UnityExtensions.dll
		bin\Microsoft.Practices.Composite.Wpf.dll = bin\Microsoft.Practices.Composite.Wpf.dll
		bin\Microsoft.Practices.EnterpriseLibrary.Common.dll = bin\Microsoft.Practices.EnterpriseLibrary.Common.dll
		bin\Microsoft.Practices.EnterpriseLibrary.Data.dll = bin\Microsoft.Practices.EnterpriseLibrary.Data.dll
		bin\Microsoft.Practices.EnterpriseLibrary.Data.SqlCe.dll = bin\Microsoft.Practices.EnterpriseLibrary.Data.SqlCe.dll
		bin\Microsoft.Practices.ObjectBuilder2.dll = bin\Microsoft.Practices.ObjectBuilder2.dll
		bin\Microsoft.Practices.Unity.Configuration.dll = bin\Microsoft.Practices.Unity.Configuration.dll
		bin\Microsoft.Practices.Unity.dll = bin\Microsoft.Practices.Unity.dll
		bin\Microsoft.Practices.Unity.StaticFactory.dll = bin\Microsoft.Practices.Unity.StaticFactory.dll
		bin\nunit.framework.dll = bin\nunit.framework.dll
		bin\Rhino.Mocks.dll = bin\Rhino.Mocks.dll
	EndProjectSection
EndProject
Project("{2150E333-8FDC-42A3-9474-1A3956D46DE8}") = "Tests", "Tests", "{8EBCF8C2-EA73-4C50-AA48-44E41B5C6BA4}"
EndProject
Project("{FAE04EC0-301F-11D3-BF4B-00C04F79EFBC}") = "NW247.Tests", "NW247.Tests\NW247.Tests.csproj", "{2B0A21CF-FD3B-4B4E-998B-8A2C7FCA0E0D}"
EndProject
Global
	GlobalSection(SolutionConfigurationPlatforms) = preSolution
		Debug|Any CPU = Debug|Any CPU
		Default|Any CPU = Default|Any CPU
		Release|Any CPU = Release|Any CPU
	EndGlobalSection
	GlobalSection(ProjectConfigurationPlatforms) = postSolution
		{CA37385F-6A4E-427B-B3F4-76C88FD9E338}.Debug|Any CPU.ActiveCfg = Debug|Any CPU
		{CA37385F-6A4E-427B-B3F4-76C88FD9E338}.Debug|Any CPU.Build.0 = Debug|Any CPU
		{CA37385F-6A4E-427B-B3F4-76C88FD9E338}.Default|Any CPU.ActiveCfg = Debug|Any CPU
		{CA37385F-6A4E-427B-B3F4-76C88FD9E338}.Default|Any CPU.Build.0 = Debug|Any CPU
		{CA37385F-6A4E-427B-B3F4-76C88FD9E338}.Release|Any CPU.ActiveCfg = Release|Any CPU
		{CA37385F-6A4E-427B-B3F4-76C88FD9E338}.Release|Any CPU.Build.0 = Release|Any CPU
		{D831BB7E-C328-4CCA-BC50-A14A63242F82}.Debug|Any CPU.ActiveCfg = Debug|Any CPU
		{D831BB7E-C328-4CCA-BC50-A14A63242F82}.Debug|Any CPU.Build.0 = Debug|Any CPU
		{D831BB7E-C328-4CCA-BC50-A14A63242F82}.Default|Any CPU.ActiveCfg = Debug|Any CPU
		{D831BB7E-C328-4CCA-BC50-A14A63242F82}.Default|Any CPU.Build.0 = Debug|Any CPU
		{D831BB7E-C328-4CCA-BC50-A14A63242F82}.Release|Any CPU.ActiveCfg = Release|Any CPU
		{D831BB7E-C328-4CCA-BC50-A14A63242F82}.Release|Any CPU.Build.0 = Release|Any CPU
		{49BE8BED-D0EA-4610-A12C-EDAE5F2F030A}.Debug|Any CPU.ActiveCfg = Debug|Any CPU
		{49BE8BED-D0EA-4610-A12C-EDAE5F2F030A}.Debug|Any CPU.Build.0 = Debug|Any CPU
		{49BE8BED-D0EA-4610-A12C-EDAE5F2F030A}.Default|Any CPU.ActiveCfg = Debug|Any CPU
		{49BE8BED-D0EA-4610-A12C-EDAE5F2F030A}.Default|Any CPU.Build.0 = Debug|Any CPU
		{49BE8BED-D0EA-4610-A12C-EDAE5F2F030A}.Release|Any CPU.ActiveCfg = Release|Any CPU
		{49BE8BED-D0EA-4610-A12C-EDAE5F2F030A}.Release|Any CPU.Build.0 = Release|Any CPU
		{5C832D1C-E342-4A56-AC44-0B22D5FEA985}.Debug|Any CPU.ActiveCfg = Debug|Any CPU
		{5C832D1C-E342-4A56-AC44-0B22D5FEA985}.Debug|Any CPU.Build.0 = Debug|Any CPU
		{5C832D1C-E342-4A56-AC44-0B22D5FEA985}.Default|Any CPU.ActiveCfg = Debug|Any CPU
		{5C832D1C-E342-4A56-AC44-0B22D5FEA985}.Default|Any CPU.Build.0 = Debug|Any CPU
		{5C832D1C-E342-4A56-AC44-0B22D5FEA985}.Release|Any CPU.ActiveCfg = Release|Any CPU
		{5C832D1C-E342-4A56-AC44-0B22D5FEA985}.Release|Any CPU.Build.0 = Release|Any CPU
		{8C15254E-1490-423E-84EE-95608EA423EE}.Debug|Any CPU.ActiveCfg = Debug|Any CPU
		{8C15254E-1490-423E-84EE-95608EA423EE}.Debug|Any CPU.Build.0 = Debug|Any CPU
		{8C15254E-1490-423E-84EE-95608EA423EE}.Default|Any CPU.ActiveCfg = Debug|Any CPU
		{8C15254E-1490-423E-84EE-95608EA423EE}.Default|Any CPU.Build.0 = Debug|Any CPU
		{8C15254E-1490-423E-84EE-95608EA423EE}.Release|Any CPU.ActiveCfg = Release|Any CPU
		{8C15254E-1490-423E-84EE-95608EA423EE}.Release|Any CPU.Build.0 = Release|Any CPU
		{986DEB12-7420-4495-8C97-62CEC9B8C26D}.Debug|Any CPU.ActiveCfg = Debug|Any CPU
		{986DEB12-7420-4495-8C97-62CEC9B8C26D}.Debug|Any CPU.Build.0 = Debug|Any CPU
		{986DEB12-7420-4495-8C97-62CEC9B8C26D}.Default|Any CPU.ActiveCfg = Debug|Any CPU
		{986DEB12-7420-4495-8C97-62CEC9B8C26D}.Default|Any CPU.Build.0 = Debug|Any CPU
		{986DEB12-7420-4495-8C97-62CEC9B8C26D}.Release|Any CPU.ActiveCfg = Release|Any CPU
		{986DEB12-7420-4495-8C97-62CEC9B8C26D}.Release|Any CPU.Build.0 = Release|Any CPU
		{2B0A21CF-FD3B-4B4E-998B-8A2C7FCA0E0D}.Debug|Any CPU.ActiveCfg = Debug|Any CPU
		{2B0A21CF-FD3B-4B4E-998B-8A2C7FCA0E0D}.Debug|Any CPU.Build.0 = Debug|Any CPU
		{2B0A21CF-FD3B-4B4E-998B-8A2C7FCA0E0D}.Default|Any CPU.ActiveCfg = Debug|Any CPU
		{2B0A21CF-FD3B-4B4E-998B-8A2C7FCA0E0D}.Default|Any CPU.Build.0 = Debug|Any CPU
		{2B0A21CF-FD3B-4B4E-998B-8A2C7FCA0E0D}.Release|Any CPU.ActiveCfg = Release|Any CPU
		{2B0A21CF-FD3B-4B4E-998B-8A2C7FCA0E0D}.Release|Any CPU.Build.0 = Release|Any CPU
	EndGlobalSection
	GlobalSection(SolutionProperties) = preSolution
		HideSolutionNode = FALSE
	EndGlobalSection
	GlobalSection(NestedProjects) = preSolution
		{8C15254E-1490-423E-84EE-95608EA423EE} = {DFF421EF-225B-4D50-ABFD-C12C50A90CD8}
		{CA37385F-6A4E-427B-B3F4-76C88FD9E338} = {DFF421EF-225B-4D50-ABFD-C12C50A90CD8}
		{2B0A21CF-FD3B-4B4E-998B-8A2C7FCA0E0D} = {8EBCF8C2-EA73-4C50-AA48-44E41B5C6BA4}
	EndGlobalSection
EndGlobal
