
Microsoft Visual Studio Solution File, Format Version 11.00
# Visual Studio 2010
Project("{2150E333-8FDC-42A3-9474-1A3956D46DE8}") = "Modules", "Modules", "{077CEEA2-1574-43EC-A9CE-FCBBF7E52AAB}"
EndProject
Project("{FAE04EC0-301F-11D3-BF4B-00C04F79EFBC}") = "UIComposition", "Desktop\UIComposition\UIComposition.csproj", "{038A54AC-EEFD-4F5D-82DC-C4AFD1A3201D}"
EndProject
Project("{FAE04EC0-301F-11D3-BF4B-00C04F79EFBC}") = "UIComposition.Modules.Employee", "Desktop\UIComposition.Modules.Employee\UIComposition.Modules.Employee.csproj", "{D361DA77-FC72-4352-8942-03037978287A}"
EndProject
Project("{FAE04EC0-301F-11D3-BF4B-00C04F79EFBC}") = "UIComposition.Modules.Project", "Desktop\UIComposition.Modules.Project\UIComposition.Modules.Project.csproj", "{A7DC4C1C-BFE1-4820-A821-1B7E37E3E0D0}"
EndProject
Project("{FAE04EC0-301F-11D3-BF4B-00C04F79EFBC}") = "UIComposition.Infrastructure", "Desktop\UIComposition.Infrastructure\UIComposition.Infrastructure.csproj", "{4511B435-FF23-484C-B5FE-9C4057F380C0}"
EndProject
Project("{FAE04EC0-301F-11D3-BF4B-00C04F79EFBC}") = "UIComposition.Services", "Desktop\UIComposition.Services\UIComposition.Services.csproj", "{D1F6A288-459E-401A-90A6-3B3B955B739D}"
	ProjectSection(ProjectDependencies) = postProject
		{74166780-E4EE-4DE3-89B3-EBDBED00A39F} = {74166780-E4EE-4DE3-89B3-EBDBED00A39F}
	EndProjectSection
EndProject
Project("{FAE04EC0-301F-11D3-BF4B-00C04F79EFBC}") = "UIComposition.BusinessEntities", "Desktop\UIComposition.BusinessEntities\UIComposition.BusinessEntities.csproj", "{D02D082A-53DC-4894-A6AF-9043EFA39850}"
EndProject
Project("{FAE04EC0-301F-11D3-BF4B-00C04F79EFBC}") = "UIComposition.ServiceHost", "Server\UIComposition.ServiceHost\UIComposition.ServiceHost.csproj", "{74166780-E4EE-4DE3-89B3-EBDBED00A39F}"
EndProject
Global
	GlobalSection(TestCaseManagementSettings) = postSolution
		CategoryFile = Desktop\StockTraderRI.vsmdi
	EndGlobalSection
	GlobalSection(SolutionConfigurationPlatforms) = preSolution
		Debug|Any CPU = Debug|Any CPU
		Release|Any CPU = Release|Any CPU
	EndGlobalSection
	GlobalSection(ProjectConfigurationPlatforms) = postSolution
		{038A54AC-EEFD-4F5D-82DC-C4AFD1A3201D}.Debug|Any CPU.ActiveCfg = Debug|Any CPU
		{038A54AC-EEFD-4F5D-82DC-C4AFD1A3201D}.Debug|Any CPU.Build.0 = Debug|Any CPU
		{038A54AC-EEFD-4F5D-82DC-C4AFD1A3201D}.Release|Any CPU.ActiveCfg = Release|Any CPU
		{038A54AC-EEFD-4F5D-82DC-C4AFD1A3201D}.Release|Any CPU.Build.0 = Release|Any CPU
		{D361DA77-FC72-4352-8942-03037978287A}.Debug|Any CPU.ActiveCfg = Debug|Any CPU
		{D361DA77-FC72-4352-8942-03037978287A}.Debug|Any CPU.Build.0 = Debug|Any CPU
		{D361DA77-FC72-4352-8942-03037978287A}.Release|Any CPU.ActiveCfg = Release|Any CPU
		{D361DA77-FC72-4352-8942-03037978287A}.Release|Any CPU.Build.0 = Release|Any CPU
		{A7DC4C1C-BFE1-4820-A821-1B7E37E3E0D0}.Debug|Any CPU.ActiveCfg = Debug|Any CPU
		{A7DC4C1C-BFE1-4820-A821-1B7E37E3E0D0}.Debug|Any CPU.Build.0 = Debug|Any CPU
		{A7DC4C1C-BFE1-4820-A821-1B7E37E3E0D0}.Release|Any CPU.ActiveCfg = Release|Any CPU
		{A7DC4C1C-BFE1-4820-A821-1B7E37E3E0D0}.Release|Any CPU.Build.0 = Release|Any CPU
		{4511B435-FF23-484C-B5FE-9C4057F380C0}.Debug|Any CPU.ActiveCfg = Debug|Any CPU
		{4511B435-FF23-484C-B5FE-9C4057F380C0}.Debug|Any CPU.Build.0 = Debug|Any CPU
		{4511B435-FF23-484C-B5FE-9C4057F380C0}.Release|Any CPU.ActiveCfg = Release|Any CPU
		{4511B435-FF23-484C-B5FE-9C4057F380C0}.Release|Any CPU.Build.0 = Release|Any CPU
		{D1F6A288-459E-401A-90A6-3B3B955B739D}.Debug|Any CPU.ActiveCfg = Debug|Any CPU
		{D1F6A288-459E-401A-90A6-3B3B955B739D}.Debug|Any CPU.Build.0 = Debug|Any CPU
		{D1F6A288-459E-401A-90A6-3B3B955B739D}.Release|Any CPU.ActiveCfg = Release|Any CPU
		{D1F6A288-459E-401A-90A6-3B3B955B739D}.Release|Any CPU.Build.0 = Release|Any CPU
		{D02D082A-53DC-4894-A6AF-9043EFA39850}.Debug|Any CPU.ActiveCfg = Debug|Any CPU
		{D02D082A-53DC-4894-A6AF-9043EFA39850}.Debug|Any CPU.Build.0 = Debug|Any CPU
		{D02D082A-53DC-4894-A6AF-9043EFA39850}.Release|Any CPU.ActiveCfg = Release|Any CPU
		{D02D082A-53DC-4894-A6AF-9043EFA39850}.Release|Any CPU.Build.0 = Release|Any CPU
		{74166780-E4EE-4DE3-89B3-EBDBED00A39F}.Debug|Any CPU.ActiveCfg = Debug|Any CPU
		{74166780-E4EE-4DE3-89B3-EBDBED00A39F}.Debug|Any CPU.Build.0 = Debug|Any CPU
		{74166780-E4EE-4DE3-89B3-EBDBED00A39F}.Release|Any CPU.ActiveCfg = Release|Any CPU
		{74166780-E4EE-4DE3-89B3-EBDBED00A39F}.Release|Any CPU.Build.0 = Release|Any CPU
	EndGlobalSection
	GlobalSection(SolutionProperties) = preSolution
		HideSolutionNode = FALSE
	EndGlobalSection
	GlobalSection(NestedProjects) = preSolution
		{D361DA77-FC72-4352-8942-03037978287A} = {077CEEA2-1574-43EC-A9CE-FCBBF7E52AAB}
		{A7DC4C1C-BFE1-4820-A821-1B7E37E3E0D0} = {077CEEA2-1574-43EC-A9CE-FCBBF7E52AAB}
	EndGlobalSection
EndGlobal
