
Microsoft Visual Studio Solution File, Format Version 10.00
# Visual Studio 2008
Project("{FAE04EC0-301F-11D3-BF4B-00C04F79EFBC}") = "UnityIntro", "UnityIntro\UnityIntro.csproj", "{659AE302-D88D-4715-B476-921B5F9F1B70}"
EndProject
Project("{FAE04EC0-301F-11D3-BF4B-00C04F79EFBC}") = "UnityIntro.Biz", "UnityIntro.Biz\UnityIntro.Biz.csproj", "{EC34A0B5-C1EB-4B2D-9672-E12396B1A643}"
EndProject
Project("{FAE04EC0-301F-11D3-BF4B-00C04F79EFBC}") = "UnityIntro.Data", "UnityIntro.Data\UnityIntro.Data.csproj", "{19320A62-846C-4C07-87BE-A808D48B58A4}"
EndProject
Global
	GlobalSection(SolutionConfigurationPlatforms) = preSolution
		Debug|Any CPU = Debug|Any CPU
		Debug|Mixed Platforms = Debug|Mixed Platforms
		Debug|x86 = Debug|x86
		Release|Any CPU = Release|Any CPU
		Release|Mixed Platforms = Release|Mixed Platforms
		Release|x86 = Release|x86
	EndGlobalSection
	GlobalSection(ProjectConfigurationPlatforms) = postSolution
		{659AE302-D88D-4715-B476-921B5F9F1B70}.Debug|Any CPU.ActiveCfg = Debug|x86
		{659AE302-D88D-4715-B476-921B5F9F1B70}.Debug|Mixed Platforms.ActiveCfg = Debug|x86
		{659AE302-D88D-4715-B476-921B5F9F1B70}.Debug|Mixed Platforms.Build.0 = Debug|x86
		{659AE302-D88D-4715-B476-921B5F9F1B70}.Debug|x86.ActiveCfg = Debug|x86
		{659AE302-D88D-4715-B476-921B5F9F1B70}.Debug|x86.Build.0 = Debug|x86
		{659AE302-D88D-4715-B476-921B5F9F1B70}.Release|Any CPU.ActiveCfg = Release|x86
		{659AE302-D88D-4715-B476-921B5F9F1B70}.Release|Mixed Platforms.ActiveCfg = Release|x86
		{659AE302-D88D-4715-B476-921B5F9F1B70}.Release|Mixed Platforms.Build.0 = Release|x86
		{659AE302-D88D-4715-B476-921B5F9F1B70}.Release|x86.ActiveCfg = Release|x86
		{659AE302-D88D-4715-B476-921B5F9F1B70}.Release|x86.Build.0 = Release|x86
		{EC34A0B5-C1EB-4B2D-9672-E12396B1A643}.Debug|Any CPU.ActiveCfg = Debug|Any CPU
		{EC34A0B5-C1EB-4B2D-9672-E12396B1A643}.Debug|Any CPU.Build.0 = Debug|Any CPU
		{EC34A0B5-C1EB-4B2D-9672-E12396B1A643}.Debug|Mixed Platforms.ActiveCfg = Debug|Any CPU
		{EC34A0B5-C1EB-4B2D-9672-E12396B1A643}.Debug|Mixed Platforms.Build.0 = Debug|Any CPU
		{EC34A0B5-C1EB-4B2D-9672-E12396B1A643}.Debug|x86.ActiveCfg = Debug|Any CPU
		{EC34A0B5-C1EB-4B2D-9672-E12396B1A643}.Release|Any CPU.ActiveCfg = Release|Any CPU
		{EC34A0B5-C1EB-4B2D-9672-E12396B1A643}.Release|Any CPU.Build.0 = Release|Any CPU
		{EC34A0B5-C1EB-4B2D-9672-E12396B1A643}.Release|Mixed Platforms.ActiveCfg = Release|Any CPU
		{EC34A0B5-C1EB-4B2D-9672-E12396B1A643}.Release|Mixed Platforms.Build.0 = Release|Any CPU
		{EC34A0B5-C1EB-4B2D-9672-E12396B1A643}.Release|x86.ActiveCfg = Release|Any CPU
		{19320A62-846C-4C07-87BE-A808D48B58A4}.Debug|Any CPU.ActiveCfg = Debug|Any CPU
		{19320A62-846C-4C07-87BE-A808D48B58A4}.Debug|Any CPU.Build.0 = Debug|Any CPU
		{19320A62-846C-4C07-87BE-A808D48B58A4}.Debug|Mixed Platforms.ActiveCfg = Debug|Any CPU
		{19320A62-846C-4C07-87BE-A808D48B58A4}.Debug|Mixed Platforms.Build.0 = Debug|Any CPU
		{19320A62-846C-4C07-87BE-A808D48B58A4}.Debug|x86.ActiveCfg = Debug|Any CPU
		{19320A62-846C-4C07-87BE-A808D48B58A4}.Release|Any CPU.ActiveCfg = Release|Any CPU
		{19320A62-846C-4C07-87BE-A808D48B58A4}.Release|Any CPU.Build.0 = Release|Any CPU
		{19320A62-846C-4C07-87BE-A808D48B58A4}.Release|Mixed Platforms.ActiveCfg = Release|Any CPU
		{19320A62-846C-4C07-87BE-A808D48B58A4}.Release|Mixed Platforms.Build.0 = Release|Any CPU
		{19320A62-846C-4C07-87BE-A808D48B58A4}.Release|x86.ActiveCfg = Release|Any CPU
	EndGlobalSection
	GlobalSection(SolutionProperties) = preSolution
		HideSolutionNode = FALSE
	EndGlobalSection
EndGlobal
